// !$*UTF8*$!
{
	archiveVersion = 1;
	classes = {
	};
	objectVersion = 46;
	objects = {

/* Begin PBXBuildFile section */
		3B78E1811D105FDB0025E346 /* Libimobile.h in Headers */ = {isa = PBXBuildFile; fileRef = 3B78E1801D105FDB0025E346 /* Libimobile.h */; settings = {ATTRIBUTES = (Public, ); }; };
		3B78E1881D105FDB0025E346 /* Libimobile.framework in Frameworks */ = {isa = PBXBuildFile; fileRef = 3B78E17D1D105FDB0025E346 /* Libimobile.framework */; };
		3B78E18D1D105FDC0025E346 /* LibimobileTests.m in Sources */ = {isa = PBXBuildFile; fileRef = 3B78E18C1D105FDC0025E346 /* LibimobileTests.m */; };
/* End PBXBuildFile section */

/* Begin PBXContainerItemProxy section */
		3B78E1891D105FDB0025E346 /* PBXContainerItemProxy */ = {
			isa = PBXContainerItemProxy;
			containerPortal = 3B78E1741D105FDB0025E346 /* Project object */;
			proxyType = 1;
			remoteGlobalIDString = 3B78E17C1D105FDB0025E346;
			remoteInfo = Libimobile;
		};
/* End PBXContainerItemProxy section */

/* Begin PBXFileReference section */
		3B78E17D1D105FDB0025E346 /* Libimobile.framework */ = {isa = PBXFileReference; explicitFileType = wrapper.framework; includeInIndex = 0; path = Libimobile.framework; sourceTree = BUILT_PRODUCTS_DIR; };
		3B78E1801D105FDB0025E346 /* Libimobile.h */ = {isa = PBXFileReference; lastKnownFileType = sourcecode.c.h; path = Libimobile.h; sourceTree = "<group>"; };
		3B78E1821D105FDB0025E346 /* Info.plist */ = {isa = PBXFileReference; lastKnownFileType = text.plist.xml; path = Info.plist; sourceTree = "<group>"; };
		3B78E1871D105FDB0025E346 /* LibimobileTests.xctest */ = {isa = PBXFileReference; explicitFileType = wrapper.cfbundle; includeInIndex = 0; path = LibimobileTests.xctest; sourceTree = BUILT_PRODUCTS_DIR; };
		3B78E18C1D105FDC0025E346 /* LibimobileTests.m */ = {isa = PBXFileReference; lastKnownFileType = sourcecode.c.objc; path = LibimobileTests.m; sourceTree = "<group>"; };
		3B78E18E1D105FDC0025E346 /* Info.plist */ = {isa = PBXFileReference; lastKnownFileType = text.plist.xml; path = Info.plist; sourceTree = "<group>"; };
/* End PBXFileReference section */

/* Begin PBXFrameworksBuildPhase section */
		3B78E1791D105FDB0025E346 /* Frameworks */ = {
			isa = PBXFrameworksBuildPhase;
			buildActionMask = 2147483647;
			files = (
			);
			runOnlyForDeploymentPostprocessing = 0;
		};
		3B78E1841D105FDB0025E346 /* Frameworks */ = {
			isa = PBXFrameworksBuildPhase;
			buildActionMask = 2147483647;
			files = (
				3B78E1881D105FDB0025E346 /* Libimobile.framework in Frameworks */,
			);
			runOnlyForDeploymentPostprocessing = 0;
		};
/* End PBXFrameworksBuildPhase section */

/* Begin PBXGroup section */
		3B78E1731D105FDB0025E346 = {
			isa = PBXGroup;
			children = (
				3B78E17F1D105FDB0025E346 /* Libimobile */,
				3B78E18B1D105FDB0025E346 /* LibimobileTests */,
				3B78E17E1D105FDB0025E346 /* Products */,
			);
			sourceTree = "<group>";
		};
		3B78E17E1D105FDB0025E346 /* Products */ = {
			isa = PBXGroup;
			children = (
				3B78E17D1D105FDB0025E346 /* Libimobile.framework */,
				3B78E1871D105FDB0025E346 /* LibimobileTests.xctest */,
			);
			name = Products;
			sourceTree = "<group>";
		};
		3B78E17F1D105FDB0025E346 /* Libimobile */ = {
			isa = PBXGroup;
			children = (
				3B78E1801D105FDB0025E346 /* Libimobile.h */,
				3B78E1821D105FDB0025E346 /* Info.plist */,
			);
			path = Libimobile;
			sourceTree = "<group>";
		};
		3B78E18B1D105FDB0025E346 /* LibimobileTests */ = {
			isa = PBXGroup;
			children = (
				3B78E18C1D105FDC0025E346 /* LibimobileTests.m */,
				3B78E18E1D105FDC0025E346 /* Info.plist */,
			);
			path = LibimobileTests;
			sourceTree = "<group>";
		};
/* End PBXGroup section */

/* Begin PBXHeadersBuildPhase section */
		3B78E17A1D105FDB0025E346 /* Headers */ = {
			isa = PBXHeadersBuildPhase;
			buildActionMask = 2147483647;
			files = (
				3B78E1811D105FDB0025E346 /* Libimobile.h in Headers */,
			);
			runOnlyForDeploymentPostprocessing = 0;
		};
/* End PBXHeadersBuildPhase section */

/* Begin PBXNativeTarget section */
		3B78E17C1D105FDB0025E346 /* Libimobile */ = {
			isa = PBXNativeTarget;
			buildConfigurationList = 3B78E1911D105FDC0025E346 /* Build configuration list for PBXNativeTarget "Libimobile" */;
			buildPhases = (
				3B78E1781D105FDB0025E346 /* Sources */,
				3B78E1791D105FDB0025E346 /* Frameworks */,
				3B78E17A1D105FDB0025E346 /* Headers */,
				3B78E17B1D105FDB0025E346 /* Resources */,
			);
			buildRules = (
			);
			dependencies = (
			);
			name = Libimobile;
			productName = Libimobile;
			productReference = 3B78E17D1D105FDB0025E346 /* Libimobile.framework */;
			productType = "com.apple.product-type.framework";
		};
		3B78E1861D105FDB0025E346 /* LibimobileTests */ = {
			isa = PBXNativeTarget;
			buildConfigurationList = 3B78E1941D105FDC0025E346 /* Build configuration list for PBXNativeTarget "LibimobileTests" */;
			buildPhases = (
				3B78E1831D105FDB0025E346 /* Sources */,
				3B78E1841D105FDB0025E346 /* Frameworks */,
				3B78E1851D105FDB0025E346 /* Resources */,
			);
			buildRules = (
			);
			dependencies = (
				3B78E18A1D105FDB0025E346 /* PBXTargetDependency */,
			);
			name = LibimobileTests;
			productName = LibimobileTests;
			productReference = 3B78E1871D105FDB0025E346 /* LibimobileTests.xctest */;
			productType = "com.apple.product-type.bundle.unit-test";
		};
/* End PBXNativeTarget section */

/* Begin PBXProject section */
		3B78E1741D105FDB0025E346 /* Project object */ = {
			isa = PBXProject;
			attributes = {
				LastUpgradeCheck = 0730;
				ORGANIZATIONNAME = KristalPistol;
				TargetAttributes = {
					3B78E17C1D105FDB0025E346 = {
						CreatedOnToolsVersion = 7.3.1;
					};
					3B78E1861D105FDB0025E346 = {
						CreatedOnToolsVersion = 7.3.1;
					};
				};
			};
			buildConfigurationList = 3B78E1771D105FDB0025E346 /* Build configuration list for PBXProject "Libimobile" */;
			compatibilityVersion = "Xcode 3.2";
			developmentRegion = English;
			hasScannedForEncodings = 0;
			knownRegions = (
				en,
			);
			mainGroup = 3B78E1731D105FDB0025E346;
			productRefGroup = 3B78E17E1D105FDB0025E346 /* Products */;
			projectDirPath = "";
			projectRoot = "";
			targets = (
				3B78E17C1D105FDB0025E346 /* Libimobile */,
				3B78E1861D105FDB0025E346 /* LibimobileTests */,
			);
		};
/* End PBXProject section */

/* Begin PBXResourcesBuildPhase section */
		3B78E17B1D105FDB0025E346 /* Resources */ = {
			isa = PBXResourcesBuildPhase;
			buildActionMask = 2147483647;
			files = (
			);
			runOnlyForDeploymentPostprocessing = 0;
		};
		3B78E1851D105FDB0025E346 /* Resources */ = {
			isa = PBXResourcesBuildPhase;
			buildActionMask = 2147483647;
			files = (
			);
			runOnlyForDeploymentPostprocessing = 0;
		};
/* End PBXResourcesBuildPhase section */

/* Begin PBXSourcesBuildPhase section */
		3B78E1781D105FDB0025E346 /* Sources */ = {
			isa = PBXSourcesBuildPhase;
			buildActionMask = 2147483647;
			files = (
			);
			runOnlyForDeploymentPostprocessing = 0;
		};
		3B78E1831D105FDB0025E346 /* Sources */ = {
			isa = PBXSourcesBuildPhase;
			buildActionMask = 2147483647;
			files = (
				3B78E18D1D105FDC0025E346 /* LibimobileTests.m in Sources */,
			);
			runOnlyForDeploymentPostprocessing = 0;
		};
/* End PBXSourcesBuildPhase section */

/* Begin PBXTargetDependency section */
		3B78E18A1D105FDB0025E346 /* PBXTargetDependency */ = {
			isa = PBXTargetDependency;
			target = 3B78E17C1D105FDB0025E346 /* Libimobile */;
			targetProxy = 3B78E1891D105FDB0025E346 /* PBXContainerItemProxy */;
		};
/* End PBXTargetDependency section */

/* Begin XCBuildConfiguration section */
		3B78E18F1D105FDC0025E346 /* Debug */ = {
			isa = XCBuildConfiguration;
			buildSettings = {
				ALWAYS_SEARCH_USER_PATHS = NO;
				CLANG_ANALYZER_NONNULL = YES;
				CLANG_CXX_LANGUAGE_STANDARD = "gnu++0x";
				CLANG_CXX_LIBRARY = "libc++";
				CLANG_ENABLE_MODULES = YES;
				CLANG_ENABLE_OBJC_ARC = YES;
				CLANG_WARN_BOOL_CONVERSION = YES;
				CLANG_WARN_CONSTANT_CONVERSION = YES;
				CLANG_WARN_DIRECT_OBJC_ISA_USAGE = YES_ERROR;
				CLANG_WARN_EMPTY_BODY = YES;
				CLANG_WARN_ENUM_CONVERSION = YES;
				CLANG_WARN_INT_CONVERSION = YES;
				CLANG_WARN_OBJC_ROOT_CLASS = YES_ERROR;
				CLANG_WARN_UNREACHABLE_CODE = YES;
				CLANG_WARN__DUPLICATE_METHOD_MATCH = YES;
				CODE_SIGN_IDENTITY = "-";
				COPY_PHASE_STRIP = NO;
				CURRENT_PROJECT_VERSION = 1;
				DEBUG_INFORMATION_FORMAT = dwarf;
				ENABLE_STRICT_OBJC_MSGSEND = YES;
				ENABLE_TESTABILITY = YES;
				GCC_C_LANGUAGE_STANDARD = gnu99;
				GCC_DYNAMIC_NO_PIC = NO;
				GCC_NO_COMMON_BLOCKS = YES;
				GCC_OPTIMIZATION_LEVEL = 0;
				GCC_PREPROCESSOR_DEFINITIONS = (
					"DEBUG=1",
					"$(inherited)",
				);
				GCC_WARN_64_TO_32_BIT_CONVERSION = YES;
				GCC_WARN_ABOUT_RETURN_TYPE = YES_ERROR;
				GCC_WARN_UNDECLARED_SELECTOR = YES;
				GCC_WARN_UNINITIALIZED_AUTOS = YES_AGGRESSIVE;
				GCC_WARN_UNUSED_FUNCTION = YES;
				GCC_WARN_UNUSED_VARIABLE = YES;
				MACOSX_DEPLOYMENT_TARGET = 10.11;
				MTL_ENABLE_DEBUG_INFO = YES;
				ONLY_ACTIVE_ARCH = YES;
				SDKROOT = macosx;
				VERSIONING_SYSTEM = "apple-generic";
				VERSION_INFO_PREFIX = "";
			};
			name = Debug;
		};
		3B78E1901D105FDC0025E346 /* Release */ = {
			isa = XCBuildConfiguration;
			buildSettings = {
				ALWAYS_SEARCH_USER_PATHS = NO;
				CLANG_ANALYZER_NONNULL = YES;
				CLANG_CXX_LANGUAGE_STANDARD = "gnu++0x";
				CLANG_CXX_LIBRARY = "libc++";
				CLANG_ENABLE_MODULES = YES;
				CLANG_ENABLE_OBJC_ARC = YES;
				CLANG_WARN_BOOL_CONVERSION = YES;
				CLANG_WARN_CONSTANT_CONVERSION = YES;
				CLANG_WARN_DIRECT_OBJC_ISA_USAGE = YES_ERROR;
				CLANG_WARN_EMPTY_BODY = YES;
				CLANG_WARN_ENUM_CONVERSION = YES;
				CLANG_WARN_INT_CONVERSION = YES;
				CLANG_WARN_OBJC_ROOT_CLASS = YES_ERROR;
				CLANG_WARN_UNREACHABLE_CODE = YES;
				CLANG_WARN__DUPLICATE_METHOD_MATCH = YES;
				CODE_SIGN_IDENTITY = "-";
				COPY_PHASE_STRIP = NO;
				CURRENT_PROJECT_VERSION = 1;
				DEBUG_INFORMATION_FORMAT = "dwarf-with-dsym";
				ENABLE_NS_ASSERTIONS = NO;
				ENABLE_STRICT_OBJC_MSGSEND = YES;
				GCC_C_LANGUAGE_STANDARD = gnu99;
				GCC_NO_COMMON_BLOCKS = YES;
				GCC_WARN_64_TO_32_BIT_CONVERSION = YES;
				GCC_WARN_ABOUT_RETURN_TYPE = YES_ERROR;
				GCC_WARN_UNDECLARED_SELECTOR = YES;
				GCC_WARN_UNINITIALIZED_AUTOS = YES_AGGRESSIVE;
				GCC_WARN_UNUSED_FUNCTION = YES;
				GCC_WARN_UNUSED_VARIABLE = YES;
				MACOSX_DEPLOYMENT_TARGET = 10.11;
				MTL_ENABLE_DEBUG_INFO = NO;
				SDKROOT = macosx;
				VERSIONING_SYSTEM = "apple-generic";
				VERSION_INFO_PREFIX = "";
			};
			name = Release;
		};
		3B78E1921D105FDC0025E346 /* Debug */ = {
			isa = XCBuildConfiguration;
			buildSettings = {
				COMBINE_HIDPI_IMAGES = YES;
				DEFINES_MODULE = YES;
				DYLIB_COMPATIBILITY_VERSION = 1;
				DYLIB_CURRENT_VERSION = 1;
				DYLIB_INSTALL_NAME_BASE = "@rpath";
				FRAMEWORK_VERSION = A;
				INFOPLIST_FILE = Libimobile/Info.plist;
				INSTALL_PATH = "$(LOCAL_LIBRARY_DIR)/Frameworks";
				LD_RUNPATH_SEARCH_PATHS = "$(inherited) @executable_path/../Frameworks @loader_path/Frameworks";
				PRODUCT_BUNDLE_IDENTIFIER = Kristalinas.Libimobile;
				PRODUCT_NAME = "$(TARGET_NAME)";
				SKIP_INSTALL = YES;
			};
			name = Debug;
		};
		3B78E1931D105FDC0025E346 /* Release */ = {
			isa = XCBuildConfiguration;
			buildSettings = {
				COMBINE_HIDPI_IMAGES = YES;
				DEFINES_MODULE = YES;
				DYLIB_COMPATIBILITY_VERSION = 1;
				DYLIB_CURRENT_VERSION = 1;
				DYLIB_INSTALL_NAME_BASE = "@rpath";
				FRAMEWORK_VERSION = A;
				INFOPLIST_FILE = Libimobile/Info.plist;
				INSTALL_PATH = "$(LOCAL_LIBRARY_DIR)/Frameworks";
				LD_RUNPATH_SEARCH_PATHS = "$(inherited) @executable_path/../Frameworks @loader_path/Frameworks";
				PRODUCT_BUNDLE_IDENTIFIER = Kristalinas.Libimobile;
				PRODUCT_NAME = "$(TARGET_NAME)";
				SKIP_INSTALL = YES;
			};
			name = Release;
		};
		3B78E1951D105FDC0025E346 /* Debug */ = {
			isa = XCBuildConfiguration;
			buildSettings = {
				COMBINE_HIDPI_IMAGES = YES;
				INFOPLIST_FILE = LibimobileTests/Info.plist;
				LD_RUNPATH_SEARCH_PATHS = "$(inherited) @executable_path/../Frameworks @loader_path/../Frameworks";
				PRODUCT_BUNDLE_IDENTIFIER = Kristalinas.LibimobileTests;
				PRODUCT_NAME = "$(TARGET_NAME)";
			};
			name = Debug;
		};
		3B78E1961D105FDC0025E346 /* Release */ = {
			isa = XCBuildConfiguration;
			buildSettings = {
				COMBINE_HIDPI_IMAGES = YES;
				INFOPLIST_FILE = LibimobileTests/Info.plist;
				LD_RUNPATH_SEARCH_PATHS = "$(inherited) @executable_path/../Frameworks @loader_path/../Frameworks";
				PRODUCT_BUNDLE_IDENTIFIER = Kristalinas.LibimobileTests;
				PRODUCT_NAME = "$(TARGET_NAME)";
			};
			name = Release;
		};
/* End XCBuildConfiguration section */

/* Begin XCConfigurationList section */
		3B78E1771D105FDB0025E346 /* Build configuration list for PBXProject "Libimobile" */ = {
			isa = XCConfigurationList;
			buildConfigurations = (
				3B78E18F1D105FDC0025E346 /* Debug */,
				3B78E1901D105FDC0025E346 /* Release */,
			);
			defaultConfigurationIsVisible = 0;
			defaultConfigurationName = Release;
		};
		3B78E1911D105FDC0025E346 /* Build configuration list for PBXNativeTarget "Libimobile" */ = {
			isa = XCConfigurationList;
			buildConfigurations = (
				3B78E1921D105FDC0025E346 /* Debug */,
				3B78E1931D105FDC0025E346 /* Release */,
			);
			defaultConfigurationIsVisible = 0;
		};
		3B78E1941D105FDC0025E346 /* Build configuration list for PBXNativeTarget "LibimobileTests" */ = {
			isa = XCConfigurationList;
			buildConfigurations = (
				3B78E1951D105FDC0025E346 /* Debug */,
				3B78E1961D105FDC0025E346 /* Release */,
			);
			defaultConfigurationIsVisible = 0;
		};
/* End XCConfigurationList section */
	};
	rootObject = 3B78E1741D105FDB0025E346 /* Project object */;
}
